// !$*UTF8*$!
{
	archiveVersion = 1;
	classes = {
	};
	objectVersion = 46;
	objects = {

/* Begin PBXBuildFile section */
		6003F58E195388D20070C39A /* Foundation.framework in Frameworks */ = {isa = PBXBuildFile; fileRef = 6003F58D195388D20070C39A /* Foundation.framework */; };
		6003F590195388D20070C39A /* CoreGraphics.framework in Frameworks */ = {isa = PBXBuildFile; fileRef = 6003F58F195388D20070C39A /* CoreGraphics.framework */; };
		6003F592195388D20070C39A /* UIKit.framework in Frameworks */ = {isa = PBXBuildFile; fileRef = 6003F591195388D20070C39A /* UIKit.framework */; };
		6003F598195388D20070C39A /* InfoPlist.strings in Resources */ = {isa = PBXBuildFile; fileRef = 6003F596195388D20070C39A /* InfoPlist.strings */; };
		6003F59A195388D20070C39A /* main.m in Sources */ = {isa = PBXBuildFile; fileRef = 6003F599195388D20070C39A /* main.m */; };
		6003F59E195388D20070C39A /* WJwebviewjavascriptbridgeAppDelegate.m in Sources */ = {isa = PBXBuildFile; fileRef = 6003F59D195388D20070C39A /* WJwebviewjavascriptbridgeAppDelegate.m */; };
		6003F5A7195388D20070C39A /* WJwebviewjavascriptbridgeViewController.m in Sources */ = {isa = PBXBuildFile; fileRef = 6003F5A6195388D20070C39A /* WJwebviewjavascriptbridgeViewController.m */; };
		6003F5A9195388D20070C39A /* Images.xcassets in Resources */ = {isa = PBXBuildFile; fileRef = 6003F5A8195388D20070C39A /* Images.xcassets */; };
		6003F5B0195388D20070C39A /* XCTest.framework in Frameworks */ = {isa = PBXBuildFile; fileRef = 6003F5AF195388D20070C39A /* XCTest.framework */; };
		6003F5B1195388D20070C39A /* Foundation.framework in Frameworks */ = {isa = PBXBuildFile; fileRef = 6003F58D195388D20070C39A /* Foundation.framework */; };
		6003F5B2195388D20070C39A /* UIKit.framework in Frameworks */ = {isa = PBXBuildFile; fileRef = 6003F591195388D20070C39A /* UIKit.framework */; };
		6003F5BA195388D20070C39A /* InfoPlist.strings in Resources */ = {isa = PBXBuildFile; fileRef = 6003F5B8195388D20070C39A /* InfoPlist.strings */; };
		6003F5BC195388D20070C39A /* Tests.m in Sources */ = {isa = PBXBuildFile; fileRef = 6003F5BB195388D20070C39A /* Tests.m */; };
		71719F9F1E33DC2100824A3D /* LaunchScreen.storyboard in Resources */ = {isa = PBXBuildFile; fileRef = 71719F9D1E33DC2100824A3D /* LaunchScreen.storyboard */; };
		873B8AEB1B1F5CCA007FD442 /* Main.storyboard in Resources */ = {isa = PBXBuildFile; fileRef = 873B8AEA1B1F5CCA007FD442 /* Main.storyboard */; };
		9D1F97B43F3BAF074AAF18C9 /* Pods_WJwebviewjavascriptbridge_Tests.framework in Frameworks */ = {isa = PBXBuildFile; fileRef = 3ACDF81FBA922AE3E2F7E868 /* Pods_WJwebviewjavascriptbridge_Tests.framework */; };
		B5D49A02D52E9252D1B3373A /* Pods_WJwebviewjavascriptbridge_Example.framework in Frameworks */ = {isa = PBXBuildFile; fileRef = A5D86EA930D4018D913A8D48 /* Pods_WJwebviewjavascriptbridge_Example.framework */; };
		F42829E01EDD19DC005688E8 /* WebViewJavascriptBridge_JS.m in Sources */ = {isa = PBXBuildFile; fileRef = F42829D61EDD19DC005688E8 /* WebViewJavascriptBridge_JS.m */; };
		F42829E11EDD19DC005688E8 /* WebViewJavascriptBridge.m in Sources */ = {isa = PBXBuildFile; fileRef = F42829D81EDD19DC005688E8 /* WebViewJavascriptBridge.m */; };
		F42829E21EDD19DC005688E8 /* WebViewJavascriptBridgeBase.m in Sources */ = {isa = PBXBuildFile; fileRef = F42829DA1EDD19DC005688E8 /* WebViewJavascriptBridgeBase.m */; };
		F42829E41EDD19DC005688E8 /* WKWebViewJavascriptBridge.m in Sources */ = {isa = PBXBuildFile; fileRef = F42829DE1EDD19DC005688E8 /* WKWebViewJavascriptBridge.m */; };
		F42829EC1EDD3AC8005688E8 /* webView_menu@2x.png in Resources */ = {isa = PBXBuildFile; fileRef = F42829E61EDD3AC8005688E8 /* webView_menu@2x.png */; };
		F42829ED1EDD3AC8005688E8 /* webView_menu@3x.png in Resources */ = {isa = PBXBuildFile; fileRef = F42829E71EDD3AC8005688E8 /* webView_menu@3x.png */; };
		F42829EE1EDD3AC8005688E8 /* webView_pop@2x.png in Resources */ = {isa = PBXBuildFile; fileRef = F42829E81EDD3AC8005688E8 /* webView_pop@2x.png */; };
		F42829EF1EDD3AC8005688E8 /* webView_pop@3x.png in Resources */ = {isa = PBXBuildFile; fileRef = F42829E91EDD3AC8005688E8 /* webView_pop@3x.png */; };
		F42829F01EDD3AC8005688E8 /* webView_share@2x.png in Resources */ = {isa = PBXBuildFile; fileRef = F42829EA1EDD3AC8005688E8 /* webView_share@2x.png */; };
		F42829F11EDD3AC8005688E8 /* webView_share@3x.png in Resources */ = {isa = PBXBuildFile; fileRef = F42829EB1EDD3AC8005688E8 /* webView_share@3x.png */; };
		F42829F51EDD40D3005688E8 /* WKWebViewController.m in Sources */ = {isa = PBXBuildFile; fileRef = F42829F41EDD40D3005688E8 /* WKWebViewController.m */; };
		F42829F71EDE52F1005688E8 /* ExampleApp.html in Resources */ = {isa = PBXBuildFile; fileRef = F42829F61EDE52F1005688E8 /* ExampleApp.html */; };
/* End PBXBuildFile section */

/* Begin PBXContainerItemProxy section */
		6003F5B3195388D20070C39A /* PBXContainerItemProxy */ = {
			isa = PBXContainerItemProxy;
			containerPortal = 6003F582195388D10070C39A /* Project object */;
			proxyType = 1;
			remoteGlobalIDString = 6003F589195388D20070C39A;
			remoteInfo = WJwebviewjavascriptbridge;
		};
/* End PBXContainerItemProxy section */

/* Begin PBXFileReference section */
		16AD6CB9EB9444E9341EB096 /* Pods-WJwebviewjavascriptbridge_Example.release.xcconfig */ = {isa = PBXFileReference; includeInIndex = 1; lastKnownFileType = text.xcconfig; name = "Pods-WJwebviewjavascriptbridge_Example.release.xcconfig"; path = "Pods/Target Support Files/Pods-WJwebviewjavascriptbridge_Example/Pods-WJwebviewjavascriptbridge_Example.release.xcconfig"; sourceTree = "<group>"; };
		3ACDF81FBA922AE3E2F7E868 /* Pods_WJwebviewjavascriptbridge_Tests.framework */ = {isa = PBXFileReference; explicitFileType = wrapper.framework; includeInIndex = 0; path = Pods_WJwebviewjavascriptbridge_Tests.framework; sourceTree = BUILT_PRODUCTS_DIR; };
		6003F58A195388D20070C39A /* WJwebviewjavascriptbridge_Example.app */ = {isa = PBXFileReference; explicitFileType = wrapper.application; includeInIndex = 0; path = WJwebviewjavascriptbridge_Example.app; sourceTree = BUILT_PRODUCTS_DIR; };
		6003F58D195388D20070C39A /* Foundation.framework */ = {isa = PBXFileReference; lastKnownFileType = wrapper.framework; name = Foundation.framework; path = System/Library/Frameworks/Foundation.framework; sourceTree = SDKROOT; };
		6003F58F195388D20070C39A /* CoreGraphics.framework */ = {isa = PBXFileReference; lastKnownFileType = wrapper.framework; name = CoreGraphics.framework; path = System/Library/Frameworks/CoreGraphics.framework; sourceTree = SDKROOT; };
		6003F591195388D20070C39A /* UIKit.framework */ = {isa = PBXFileReference; lastKnownFileType = wrapper.framework; name = UIKit.framework; path = System/Library/Frameworks/UIKit.framework; sourceTree = SDKROOT; };
		6003F595195388D20070C39A /* WJwebviewjavascriptbridge-Info.plist */ = {isa = PBXFileReference; lastKnownFileType = text.plist.xml; path = "WJwebviewjavascriptbridge-Info.plist"; sourceTree = "<group>"; };
		6003F597195388D20070C39A /* en */ = {isa = PBXFileReference; lastKnownFileType = text.plist.strings; name = en; path = en.lproj/InfoPlist.strings; sourceTree = "<group>"; };
		6003F599195388D20070C39A /* main.m */ = {isa = PBXFileReference; lastKnownFileType = sourcecode.c.objc; path = main.m; sourceTree = "<group>"; };
		6003F59B195388D20070C39A /* WJwebviewjavascriptbridge-Prefix.pch */ = {isa = PBXFileReference; lastKnownFileType = sourcecode.c.h; path = "WJwebviewjavascriptbridge-Prefix.pch"; sourceTree = "<group>"; };
		6003F59C195388D20070C39A /* WJwebviewjavascriptbridgeAppDelegate.h */ = {isa = PBXFileReference; lastKnownFileType = sourcecode.c.h; path = WJwebviewjavascriptbridgeAppDelegate.h; sourceTree = "<group>"; };
		6003F59D195388D20070C39A /* WJwebviewjavascriptbridgeAppDelegate.m */ = {isa = PBXFileReference; lastKnownFileType = sourcecode.c.objc; path = WJwebviewjavascriptbridgeAppDelegate.m; sourceTree = "<group>"; };
		6003F5A5195388D20070C39A /* WJwebviewjavascriptbridgeViewController.h */ = {isa = PBXFileReference; lastKnownFileType = sourcecode.c.h; path = WJwebviewjavascriptbridgeViewController.h; sourceTree = "<group>"; };
		6003F5A6195388D20070C39A /* WJwebviewjavascriptbridgeViewController.m */ = {isa = PBXFileReference; lastKnownFileType = sourcecode.c.objc; path = WJwebviewjavascriptbridgeViewController.m; sourceTree = "<group>"; };
		6003F5A8195388D20070C39A /* Images.xcassets */ = {isa = PBXFileReference; lastKnownFileType = folder.assetcatalog; path = Images.xcassets; sourceTree = "<group>"; };
		6003F5AE195388D20070C39A /* WJwebviewjavascriptbridge_Tests.xctest */ = {isa = PBXFileReference; explicitFileType = wrapper.cfbundle; includeInIndex = 0; path = WJwebviewjavascriptbridge_Tests.xctest; sourceTree = BUILT_PRODUCTS_DIR; };
		6003F5AF195388D20070C39A /* XCTest.framework */ = {isa = PBXFileReference; lastKnownFileType = wrapper.framework; name = XCTest.framework; path = Library/Frameworks/XCTest.framework; sourceTree = DEVELOPER_DIR; };
		6003F5B7195388D20070C39A /* Tests-Info.plist */ = {isa = PBXFileReference; lastKnownFileType = text.plist.xml; path = "Tests-Info.plist"; sourceTree = "<group>"; };
		6003F5B9195388D20070C39A /* en */ = {isa = PBXFileReference; lastKnownFileType = text.plist.strings; name = en; path = en.lproj/InfoPlist.strings; sourceTree = "<group>"; };
		6003F5BB195388D20070C39A /* Tests.m */ = {isa = PBXFileReference; lastKnownFileType = sourcecode.c.objc; path = Tests.m; sourceTree = "<group>"; };
		606FC2411953D9B200FFA9A0 /* Tests-Prefix.pch */ = {isa = PBXFileReference; lastKnownFileType = sourcecode.c.h; path = "Tests-Prefix.pch"; sourceTree = "<group>"; };
		71719F9E1E33DC2100824A3D /* Base */ = {isa = PBXFileReference; lastKnownFileType = file.storyboard; name = Base; path = Base.lproj/LaunchScreen.storyboard; sourceTree = "<group>"; };
		873B8AEA1B1F5CCA007FD442 /* Main.storyboard */ = {isa = PBXFileReference; fileEncoding = 4; lastKnownFileType = file.storyboard; name = Main.storyboard; path = Base.lproj/Main.storyboard; sourceTree = "<group>"; };
		89AA6C3E8FE479CB9AE2AEF9 /* Pods-WJwebviewjavascriptbridge_Example.debug.xcconfig */ = {isa = PBXFileReference; includeInIndex = 1; lastKnownFileType = text.xcconfig; name = "Pods-WJwebviewjavascriptbridge_Example.debug.xcconfig"; path = "Pods/Target Support Files/Pods-WJwebviewjavascriptbridge_Example/Pods-WJwebviewjavascriptbridge_Example.debug.xcconfig"; sourceTree = "<group>"; };
		A45C9578C4A7A194D5D2AE6E /* Pods-WJwebviewjavascriptbridge_Tests.debug.xcconfig */ = {isa = PBXFileReference; includeInIndex = 1; lastKnownFileType = text.xcconfig; name = "Pods-WJwebviewjavascriptbridge_Tests.debug.xcconfig"; path = "Pods/Target Support Files/Pods-WJwebviewjavascriptbridge_Tests/Pods-WJwebviewjavascriptbridge_Tests.debug.xcconfig"; sourceTree = "<group>"; };
		A5D86EA930D4018D913A8D48 /* Pods_WJwebviewjavascriptbridge_Example.framework */ = {isa = PBXFileReference; explicitFileType = wrapper.framework; includeInIndex = 0; path = Pods_WJwebviewjavascriptbridge_Example.framework; sourceTree = BUILT_PRODUCTS_DIR; };
		AEE45546E74FB376CA668D85 /* LICENSE */ = {isa = PBXFileReference; includeInIndex = 1; lastKnownFileType = text; name = LICENSE; path = ../LICENSE; sourceTree = "<group>"; };
		CA54C32A3B4FE99CAAA1C90F /* WJwebviewjavascriptbridge.podspec */ = {isa = PBXFileReference; includeInIndex = 1; lastKnownFileType = text; name = WJwebviewjavascriptbridge.podspec; path = ../WJwebviewjavascriptbridge.podspec; sourceTree = "<group>"; };
		D83C0C7CA9D10DC8094104D7 /* README.md */ = {isa = PBXFileReference; includeInIndex = 1; lastKnownFileType = net.daringfireball.markdown; name = README.md; path = ../README.md; sourceTree = "<group>"; };
		DE412F7ACF2EBCD6C770C9B3 /* Pods-WJwebviewjavascriptbridge_Tests.release.xcconfig */ = {isa = PBXFileReference; includeInIndex = 1; lastKnownFileType = text.xcconfig; name = "Pods-WJwebviewjavascriptbridge_Tests.release.xcconfig"; path = "Pods/Target Support Files/Pods-WJwebviewjavascriptbridge_Tests/Pods-WJwebviewjavascriptbridge_Tests.release.xcconfig"; sourceTree = "<group>"; };
		F42829D51EDD19DC005688E8 /* WebViewJavascriptBridge_JS.h */ = {isa = PBXFileReference; fileEncoding = 4; lastKnownFileType = sourcecode.c.h; name = WebViewJavascriptBridge_JS.h; path = ../../WJwebviewjavascriptbridge/Classes/WebViewJavascriptBridge_JS.h; sourceTree = "<group>"; };
		F42829D61EDD19DC005688E8 /* WebViewJavascriptBridge_JS.m */ = {isa = PBXFileReference; fileEncoding = 4; lastKnownFileType = sourcecode.c.objc; name = WebViewJavascriptBridge_JS.m; path = ../../WJwebviewjavascriptbridge/Classes/WebViewJavascriptBridge_JS.m; sourceTree = "<group>"; };
		F42829D71EDD19DC005688E8 /* WebViewJavascriptBridge.h */ = {isa = PBXFileReference; fileEncoding = 4; lastKnownFileType = sourcecode.c.h; name = WebViewJavascriptBridge.h; path = ../../WJwebviewjavascriptbridge/Classes/WebViewJavascriptBridge.h; sourceTree = "<group>"; };
		F42829D81EDD19DC005688E8 /* WebViewJavascriptBridge.m */ = {isa = PBXFileReference; fileEncoding = 4; lastKnownFileType = sourcecode.c.objc; name = WebViewJavascriptBridge.m; path = ../../WJwebviewjavascriptbridge/Classes/WebViewJavascriptBridge.m; sourceTree = "<group>"; };
		F42829D91EDD19DC005688E8 /* WebViewJavascriptBridgeBase.h */ = {isa = PBXFileReference; fileEncoding = 4; lastKnownFileType = sourcecode.c.h; name = WebViewJavascriptBridgeBase.h; path = ../../WJwebviewjavascriptbridge/Classes/WebViewJavascriptBridgeBase.h; sourceTree = "<group>"; };
		F42829DA1EDD19DC005688E8 /* WebViewJavascriptBridgeBase.m */ = {isa = PBXFileReference; fileEncoding = 4; lastKnownFileType = sourcecode.c.objc; name = WebViewJavascriptBridgeBase.m; path = ../../WJwebviewjavascriptbridge/Classes/WebViewJavascriptBridgeBase.m; sourceTree = "<group>"; };
		F42829DD1EDD19DC005688E8 /* WKWebViewJavascriptBridge.h */ = {isa = PBXFileReference; fileEncoding = 4; lastKnownFileType = sourcecode.c.h; name = WKWebViewJavascriptBridge.h; path = ../../WJwebviewjavascriptbridge/Classes/WKWebViewJavascriptBridge.h; sourceTree = "<group>"; };
		F42829DE1EDD19DC005688E8 /* WKWebViewJavascriptBridge.m */ = {isa = PBXFileReference; fileEncoding = 4; lastKnownFileType = sourcecode.c.objc; name = WKWebViewJavascriptBridge.m; path = ../../WJwebviewjavascriptbridge/Classes/WKWebViewJavascriptBridge.m; sourceTree = "<group>"; };
		F42829E61EDD3AC8005688E8 /* webView_menu@2x.png */ = {isa = PBXFileReference; lastKnownFileType = image.png; name = "webView_menu@2x.png"; path = "../../WJwebviewjavascriptbridge/Assets/webView_menu@2x.png"; sourceTree = "<group>"; };
		F42829E71EDD3AC8005688E8 /* webView_menu@3x.png */ = {isa = PBXFileReference; lastKnownFileType = image.png; name = "webView_menu@3x.png"; path = "../../WJwebviewjavascriptbridge/Assets/webView_menu@3x.png"; sourceTree = "<group>"; };
		F42829E81EDD3AC8005688E8 /* webView_pop@2x.png */ = {isa = PBXFileReference; lastKnownFileType = image.png; name = "webView_pop@2x.png"; path = "../../WJwebviewjavascriptbridge/Assets/webView_pop@2x.png"; sourceTree = "<group>"; };
		F42829E91EDD3AC8005688E8 /* webView_pop@3x.png */ = {isa = PBXFileReference; lastKnownFileType = image.png; name = "webView_pop@3x.png"; path = "../../WJwebviewjavascriptbridge/Assets/webView_pop@3x.png"; sourceTree = "<group>"; };
		F42829EA1EDD3AC8005688E8 /* webView_share@2x.png */ = {isa = PBXFileReference; lastKnownFileType = image.png; name = "webView_share@2x.png"; path = "../../WJwebviewjavascriptbridge/Assets/webView_share@2x.png"; sourceTree = "<group>"; };
		F42829EB1EDD3AC8005688E8 /* webView_share@3x.png */ = {isa = PBXFileReference; lastKnownFileType = image.png; name = "webView_share@3x.png"; path = "../../WJwebviewjavascriptbridge/Assets/webView_share@3x.png"; sourceTree = "<group>"; };
		F42829F31EDD40D3005688E8 /* WKWebViewController.h */ = {isa = PBXFileReference; fileEncoding = 4; lastKnownFileType = sourcecode.c.h; name = WKWebViewController.h; path = ../../WJwebviewjavascriptbridge/Classes/public/WKWebViewController.h; sourceTree = "<group>"; };
		F42829F41EDD40D3005688E8 /* WKWebViewController.m */ = {isa = PBXFileReference; fileEncoding = 4; lastKnownFileType = sourcecode.c.objc; name = WKWebViewController.m; path = ../../WJwebviewjavascriptbridge/Classes/public/WKWebViewController.m; sourceTree = "<group>"; };
		F42829F61EDE52F1005688E8 /* ExampleApp.html */ = {isa = PBXFileReference; fileEncoding = 4; lastKnownFileType = text.html; path = ExampleApp.html; sourceTree = "<group>"; };
/* End PBXFileReference section */

/* Begin PBXFrameworksBuildPhase section */
		6003F587195388D20070C39A /* Frameworks */ = {
			isa = PBXFrameworksBuildPhase;
			buildActionMask = 2147483647;
			files = (
				6003F590195388D20070C39A /* CoreGraphics.framework in Frameworks */,
				6003F592195388D20070C39A /* UIKit.framework in Frameworks */,
				6003F58E195388D20070C39A /* Foundation.framework in Frameworks */,
				B5D49A02D52E9252D1B3373A /* Pods_WJwebviewjavascriptbridge_Example.framework in Frameworks */,
			);
			runOnlyForDeploymentPostprocessing = 0;
		};
		6003F5AB195388D20070C39A /* Frameworks */ = {
			isa = PBXFrameworksBuildPhase;
			buildActionMask = 2147483647;
			files = (
				6003F5B0195388D20070C39A /* XCTest.framework in Frameworks */,
				6003F5B2195388D20070C39A /* UIKit.framework in Frameworks */,
				6003F5B1195388D20070C39A /* Foundation.framework in Frameworks */,
				9D1F97B43F3BAF074AAF18C9 /* Pods_WJwebviewjavascriptbridge_Tests.framework in Frameworks */,
			);
			runOnlyForDeploymentPostprocessing = 0;
		};
/* End PBXFrameworksBuildPhase section */

/* Begin PBXGroup section */
		6003F581195388D10070C39A = {
			isa = PBXGroup;
			children = (
				60FF7A9C1954A5C5007DD14C /* Podspec Metadata */,
				6003F593195388D20070C39A /* Example for WJwebviewjavascriptbridge */,
				6003F5B5195388D20070C39A /* Tests */,
				6003F58C195388D20070C39A /* Frameworks */,
				6003F58B195388D20070C39A /* Products */,
				A4E465765D47F607B18E68A8 /* Pods */,
			);
			sourceTree = "<group>";
		};
		6003F58B195388D20070C39A /* Products */ = {
			isa = PBXGroup;
			children = (
				6003F58A195388D20070C39A /* WJwebviewjavascriptbridge_Example.app */,
				6003F5AE195388D20070C39A /* WJwebviewjavascriptbridge_Tests.xctest */,
			);
			name = Products;
			sourceTree = "<group>";
		};
		6003F58C195388D20070C39A /* Frameworks */ = {
			isa = PBXGroup;
			children = (
				6003F58D195388D20070C39A /* Foundation.framework */,
				6003F58F195388D20070C39A /* CoreGraphics.framework */,
				6003F591195388D20070C39A /* UIKit.framework */,
				6003F5AF195388D20070C39A /* XCTest.framework */,
				A5D86EA930D4018D913A8D48 /* Pods_WJwebviewjavascriptbridge_Example.framework */,
				3ACDF81FBA922AE3E2F7E868 /* Pods_WJwebviewjavascriptbridge_Tests.framework */,
			);
			name = Frameworks;
			sourceTree = "<group>";
		};
		6003F593195388D20070C39A /* Example for WJwebviewjavascriptbridge */ = {
			isa = PBXGroup;
			children = (
				F42829F61EDE52F1005688E8 /* ExampleApp.html */,
				6003F59C195388D20070C39A /* WJwebviewjavascriptbridgeAppDelegate.h */,
				6003F59D195388D20070C39A /* WJwebviewjavascriptbridgeAppDelegate.m */,
				873B8AEA1B1F5CCA007FD442 /* Main.storyboard */,
				6003F5A5195388D20070C39A /* WJwebviewjavascriptbridgeViewController.h */,
				6003F5A6195388D20070C39A /* WJwebviewjavascriptbridgeViewController.m */,
				71719F9D1E33DC2100824A3D /* LaunchScreen.storyboard */,
				6003F5A8195388D20070C39A /* Images.xcassets */,
				F42829F21EDD3AD8005688E8 /* resource */,
				F42829E51EDD19E3005688E8 /* WJwebviewjavascriptbridge */,
				6003F594195388D20070C39A /* Supporting Files */,
			);
			name = "Example for WJwebviewjavascriptbridge";
			path = WJwebviewjavascriptbridge;
			sourceTree = "<group>";
		};
		6003F594195388D20070C39A /* Supporting Files */ = {
			isa = PBXGroup;
			children = (
				6003F595195388D20070C39A /* WJwebviewjavascriptbridge-Info.plist */,
				6003F596195388D20070C39A /* InfoPlist.strings */,
				6003F599195388D20070C39A /* main.m */,
				6003F59B195388D20070C39A /* WJwebviewjavascriptbridge-Prefix.pch */,
			);
			name = "Supporting Files";
			sourceTree = "<group>";
		};
		6003F5B5195388D20070C39A /* Tests */ = {
			isa = PBXGroup;
			children = (
				6003F5BB195388D20070C39A /* Tests.m */,
				6003F5B6195388D20070C39A /* Supporting Files */,
			);
			path = Tests;
			sourceTree = "<group>";
		};
		6003F5B6195388D20070C39A /* Supporting Files */ = {
			isa = PBXGroup;
			children = (
				6003F5B7195388D20070C39A /* Tests-Info.plist */,
				6003F5B8195388D20070C39A /* InfoPlist.strings */,
				606FC2411953D9B200FFA9A0 /* Tests-Prefix.pch */,
			);
			name = "Supporting Files";
			sourceTree = "<group>";
		};
		60FF7A9C1954A5C5007DD14C /* Podspec Metadata */ = {
			isa = PBXGroup;
			children = (
				CA54C32A3B4FE99CAAA1C90F /* WJwebviewjavascriptbridge.podspec */,
				D83C0C7CA9D10DC8094104D7 /* README.md */,
				AEE45546E74FB376CA668D85 /* LICENSE */,
			);
			name = "Podspec Metadata";
			sourceTree = "<group>";
		};
		A4E465765D47F607B18E68A8 /* Pods */ = {
			isa = PBXGroup;
			children = (
				89AA6C3E8FE479CB9AE2AEF9 /* Pods-WJwebviewjavascriptbridge_Example.debug.xcconfig */,
				16AD6CB9EB9444E9341EB096 /* Pods-WJwebviewjavascriptbridge_Example.release.xcconfig */,
				A45C9578C4A7A194D5D2AE6E /* Pods-WJwebviewjavascriptbridge_Tests.debug.xcconfig */,
				DE412F7ACF2EBCD6C770C9B3 /* Pods-WJwebviewjavascriptbridge_Tests.release.xcconfig */,
			);
			name = Pods;
			sourceTree = "<group>";
		};
		F42829E51EDD19E3005688E8 /* WJwebviewjavascriptbridge */ = {
			isa = PBXGroup;
			children = (
				F42829F31EDD40D3005688E8 /* WKWebViewController.h */,
				F42829F41EDD40D3005688E8 /* WKWebViewController.m */,
				F42829D51EDD19DC005688E8 /* WebViewJavascriptBridge_JS.h */,
				F42829D61EDD19DC005688E8 /* WebViewJavascriptBridge_JS.m */,
				F42829D71EDD19DC005688E8 /* WebViewJavascriptBridge.h */,
				F42829D81EDD19DC005688E8 /* WebViewJavascriptBridge.m */,
				F42829D91EDD19DC005688E8 /* WebViewJavascriptBridgeBase.h */,
				F42829DA1EDD19DC005688E8 /* WebViewJavascriptBridgeBase.m */,
				F42829DD1EDD19DC005688E8 /* WKWebViewJavascriptBridge.h */,
				F42829DE1EDD19DC005688E8 /* WKWebViewJavascriptBridge.m */,
			);
			name = WJwebviewjavascriptbridge;
			sourceTree = "<group>";
		};
		F42829F21EDD3AD8005688E8 /* resource */ = {
			isa = PBXGroup;
			children = (
				F42829E61EDD3AC8005688E8 /* webView_menu@2x.png */,
				F42829E71EDD3AC8005688E8 /* webView_menu@3x.png */,
				F42829E81EDD3AC8005688E8 /* webView_pop@2x.png */,
				F42829E91EDD3AC8005688E8 /* webView_pop@3x.png */,
				F42829EA1EDD3AC8005688E8 /* webView_share@2x.png */,
				F42829EB1EDD3AC8005688E8 /* webView_share@3x.png */,
			);
			name = resource;
			sourceTree = "<group>";
		};
/* End PBXGroup section */

/* Begin PBXNativeTarget section */
		6003F589195388D20070C39A /* WJwebviewjavascriptbridge_Example */ = {
			isa = PBXNativeTarget;
			buildConfigurationList = 6003F5BF195388D20070C39A /* Build configuration list for PBXNativeTarget "WJwebviewjavascriptbridge_Example" */;
			buildPhases = (
				BB3A34FC8D53D425AD95C33E /* [CP] Check Pods Manifest.lock */,
				6003F586195388D20070C39A /* Sources */,
				6003F587195388D20070C39A /* Frameworks */,
				6003F588195388D20070C39A /* Resources */,
				8C0B93372E99ACF8B75D44C9 /* [CP] Embed Pods Frameworks */,
				F100E2D61BA69C0AE04C6CEE /* [CP] Copy Pods Resources */,
			);
			buildRules = (
			);
			dependencies = (
			);
			name = WJwebviewjavascriptbridge_Example;
			productName = WJwebviewjavascriptbridge;
			productReference = 6003F58A195388D20070C39A /* WJwebviewjavascriptbridge_Example.app */;
			productType = "com.apple.product-type.application";
		};
		6003F5AD195388D20070C39A /* WJwebviewjavascriptbridge_Tests */ = {
			isa = PBXNativeTarget;
			buildConfigurationList = 6003F5C2195388D20070C39A /* Build configuration list for PBXNativeTarget "WJwebviewjavascriptbridge_Tests" */;
			buildPhases = (
				8A9C699A206DEF14DBD6A2F0 /* [CP] Check Pods Manifest.lock */,
				6003F5AA195388D20070C39A /* Sources */,
				6003F5AB195388D20070C39A /* Frameworks */,
				6003F5AC195388D20070C39A /* Resources */,
				0F7CD7862C4F7C3EA68372D2 /* [CP] Embed Pods Frameworks */,
				02D4D2E32C7744F9A693FB4E /* [CP] Copy Pods Resources */,
			);
			buildRules = (
			);
			dependencies = (
				6003F5B4195388D20070C39A /* PBXTargetDependency */,
			);
			name = WJwebviewjavascriptbridge_Tests;
			productName = WJwebviewjavascriptbridgeTests;
			productReference = 6003F5AE195388D20070C39A /* WJwebviewjavascriptbridge_Tests.xctest */;
			productType = "com.apple.product-type.bundle.unit-test";
		};
/* End PBXNativeTarget section */

/* Begin PBXProject section */
		6003F582195388D10070C39A /* Project object */ = {
			isa = PBXProject;
			attributes = {
				CLASSPREFIX = WJwebviewjavascriptbridge;
				LastUpgradeCheck = 0720;
				ORGANIZATIONNAME = wujiegoodluck;
				TargetAttributes = {
					6003F5AD195388D20070C39A = {
						TestTargetID = 6003F589195388D20070C39A;
					};
				};
			};
			buildConfigurationList = 6003F585195388D10070C39A /* Build configuration list for PBXProject "WJwebviewjavascriptbridge" */;
			compatibilityVersion = "Xcode 3.2";
			developmentRegion = English;
			hasScannedForEncodings = 0;
			knownRegions = (
				en,
				Base,
			);
			mainGroup = 6003F581195388D10070C39A;
			productRefGroup = 6003F58B195388D20070C39A /* Products */;
			projectDirPath = "";
			projectRoot = "";
			targets = (
				6003F589195388D20070C39A /* WJwebviewjavascriptbridge_Example */,
				6003F5AD195388D20070C39A /* WJwebviewjavascriptbridge_Tests */,
			);
		};
/* End PBXProject section */

/* Begin PBXResourcesBuildPhase section */
		6003F588195388D20070C39A /* Resources */ = {
			isa = PBXResourcesBuildPhase;
			buildActionMask = 2147483647;
			files = (
				F42829ED1EDD3AC8005688E8 /* webView_menu@3x.png in Resources */,
				873B8AEB1B1F5CCA007FD442 /* Main.storyboard in Resources */,
				71719F9F1E33DC2100824A3D /* LaunchScreen.storyboard in Resources */,
				6003F5A9195388D20070C39A /* Images.xcassets in Resources */,
				F42829F71EDE52F1005688E8 /* ExampleApp.html in Resources */,
				F42829EE1EDD3AC8005688E8 /* webView_pop@2x.png in Resources */,
				F42829F11EDD3AC8005688E8 /* webView_share@3x.png in Resources */,
				F42829F01EDD3AC8005688E8 /* webView_share@2x.png in Resources */,
				F42829EC1EDD3AC8005688E8 /* webView_menu@2x.png in Resources */,
				6003F598195388D20070C39A /* InfoPlist.strings in Resources */,
				F42829EF1EDD3AC8005688E8 /* webView_pop@3x.png in Resources */,
			);
			runOnlyForDeploymentPostprocessing = 0;
		};
		6003F5AC195388D20070C39A /* Resources */ = {
			isa = PBXResourcesBuildPhase;
			buildActionMask = 2147483647;
			files = (
				6003F5BA195388D20070C39A /* InfoPlist.strings in Resources */,
			);
			runOnlyForDeploymentPostprocessing = 0;
		};
/* End PBXResourcesBuildPhase section */

/* Begin PBXShellScriptBuildPhase section */
		02D4D2E32C7744F9A693FB4E /* [CP] Copy Pods Resources */ = {
			isa = PBXShellScriptBuildPhase;
			buildActionMask = 2147483647;
			files = (
			);
			inputPaths = (
			);
			name = "[CP] Copy Pods Resources";
			outputPaths = (
			);
			runOnlyForDeploymentPostprocessing = 0;
			shellPath = /bin/sh;
			shellScript = "\"${SRCROOT}/Pods/Target Support Files/Pods-WJwebviewjavascriptbridge_Tests/Pods-WJwebviewjavascriptbridge_Tests-resources.sh\"\n";
			showEnvVarsInLog = 0;
		};
		0F7CD7862C4F7C3EA68372D2 /* [CP] Embed Pods Frameworks */ = {
			isa = PBXShellScriptBuildPhase;
			buildActionMask = 2147483647;
			files = (
			);
			inputPaths = (
			);
			name = "[CP] Embed Pods Frameworks";
			outputPaths = (
			);
			runOnlyForDeploymentPostprocessing = 0;
			shellPath = /bin/sh;
			shellScript = "\"${SRCROOT}/Pods/Target Support Files/Pods-WJwebviewjavascriptbridge_Tests/Pods-WJwebviewjavascriptbridge_Tests-frameworks.sh\"\n";
			showEnvVarsInLog = 0;
		};
		8A9C699A206DEF14DBD6A2F0 /* [CP] Check Pods Manifest.lock */ = {
			isa = PBXShellScriptBuildPhase;
			buildActionMask = 2147483647;
			files = (
			);
			inputPaths = (
			);
			name = "[CP] Check Pods Manifest.lock";
			outputPaths = (
			);
			runOnlyForDeploymentPostprocessing = 0;
			shellPath = /bin/sh;
			shellScript = "diff \"${PODS_PODFILE_DIR_PATH}/Podfile.lock\" \"${PODS_ROOT}/Manifest.lock\" > /dev/null\nif [ $? != 0 ] ; then\n    # print error to STDERR\n    echo \"error: The sandbox is not in sync with the Podfile.lock. Run 'pod install' or update your CocoaPods installation.\" >&2\n    exit 1\nfi\n";
			showEnvVarsInLog = 0;
		};
		8C0B93372E99ACF8B75D44C9 /* [CP] Embed Pods Frameworks */ = {
			isa = PBXShellScriptBuildPhase;
			buildActionMask = 2147483647;
			files = (
			);
			inputPaths = (
			);
			name = "[CP] Embed Pods Frameworks";
			outputPaths = (
			);
			runOnlyForDeploymentPostprocessing = 0;
			shellPath = /bin/sh;
			shellScript = "\"${SRCROOT}/Pods/Target Support Files/Pods-WJwebviewjavascriptbridge_Example/Pods-WJwebviewjavascriptbridge_Example-frameworks.sh\"\n";
			showEnvVarsInLog = 0;
		};
		BB3A34FC8D53D425AD95C33E /* [CP] Check Pods Manifest.lock */ = {
			isa = PBXShellScriptBuildPhase;
			buildActionMask = 2147483647;
			files = (
			);
			inputPaths = (
			);
			name = "[CP] Check Pods Manifest.lock";
			outputPaths = (
			);
			runOnlyForDeploymentPostprocessing = 0;
			shellPath = /bin/sh;
			shellScript = "diff \"${PODS_PODFILE_DIR_PATH}/Podfile.lock\" \"${PODS_ROOT}/Manifest.lock\" > /dev/null\nif [ $? != 0 ] ; then\n    # print error to STDERR\n    echo \"error: The sandbox is not in sync with the Podfile.lock. Run 'pod install' or update your CocoaPods installation.\" >&2\n    exit 1\nfi\n";
			showEnvVarsInLog = 0;
		};
		F100E2D61BA69C0AE04C6CEE /* [CP] Copy Pods Resources */ = {
			isa = PBXShellScriptBuildPhase;
			buildActionMask = 2147483647;
			files = (
			);
			inputPaths = (
			);
			name = "[CP] Copy Pods Resources";
			outputPaths = (
			);
			runOnlyForDeploymentPostprocessing = 0;
			shellPath = /bin/sh;
			shellScript = "\"${SRCROOT}/Pods/Target Support Files/Pods-WJwebviewjavascriptbridge_Example/Pods-WJwebviewjavascriptbridge_Example-resources.sh\"\n";
			showEnvVarsInLog = 0;
		};
/* End PBXShellScriptBuildPhase section */

/* Begin PBXSourcesBuildPhase section */
		6003F586195388D20070C39A /* Sources */ = {
			isa = PBXSourcesBuildPhase;
			buildActionMask = 2147483647;
			files = (
				6003F59E195388D20070C39A /* WJwebviewjavascriptbridgeAppDelegate.m in Sources */,
				F42829E11EDD19DC005688E8 /* WebViewJavascriptBridge.m in Sources */,
				6003F5A7195388D20070C39A /* WJwebviewjavascriptbridgeViewController.m in Sources */,
				6003F59A195388D20070C39A /* main.m in Sources */,
				F42829E21EDD19DC005688E8 /* WebViewJavascriptBridgeBase.m in Sources */,
				F42829E41EDD19DC005688E8 /* WKWebViewJavascriptBridge.m in Sources */,
				F42829E01EDD19DC005688E8 /* WebViewJavascriptBridge_JS.m in Sources */,
				F42829F51EDD40D3005688E8 /* WKWebViewController.m in Sources */,
			);
			runOnlyForDeploymentPostprocessing = 0;
		};
		6003F5AA195388D20070C39A /* Sources */ = {
			isa = PBXSourcesBuildPhase;
			buildActionMask = 2147483647;
			files = (
				6003F5BC195388D20070C39A /* Tests.m in Sources */,
			);
			runOnlyForDeploymentPostprocessing = 0;
		};
/* End PBXSourcesBuildPhase section */

/* Begin PBXTargetDependency section */
		6003F5B4195388D20070C39A /* PBXTargetDependency */ = {
			isa = PBXTargetDependency;
			target = 6003F589195388D20070C39A /* WJwebviewjavascriptbridge_Example */;
			targetProxy = 6003F5B3195388D20070C39A /* PBXContainerItemProxy */;
		};
/* End PBXTargetDependency section */

/* Begin PBXVariantGroup section */
		6003F596195388D20070C39A /* InfoPlist.strings */ = {
			isa = PBXVariantGroup;
			children = (
				6003F597195388D20070C39A /* en */,
			);
			name = InfoPlist.strings;
			sourceTree = "<group>";
		};
		6003F5B8195388D20070C39A /* InfoPlist.strings */ = {
			isa = PBXVariantGroup;
			children = (
				6003F5B9195388D20070C39A /* en */,
			);
			name = InfoPlist.strings;
			sourceTree = "<group>";
		};
		71719F9D1E33DC2100824A3D /* LaunchScreen.storyboard */ = {
			isa = PBXVariantGroup;
			children = (
				71719F9E1E33DC2100824A3D /* Base */,
			);
			name = LaunchScreen.storyboard;
			sourceTree = "<group>";
		};
/* End PBXVariantGroup section */

/* Begin XCBuildConfiguration section */
		6003F5BD195388D20070C39A /* Debug */ = {
			isa = XCBuildConfiguration;
			buildSettings = {
				ALWAYS_SEARCH_USER_PATHS = NO;
				CLANG_CXX_LANGUAGE_STANDARD = "gnu++0x";
				CLANG_CXX_LIBRARY = "libc++";
				CLANG_ENABLE_MODULES = YES;
				CLANG_ENABLE_OBJC_ARC = YES;
				CLANG_WARN_BOOL_CONVERSION = YES;
				CLANG_WARN_CONSTANT_CONVERSION = YES;
				CLANG_WARN_DIRECT_OBJC_ISA_USAGE = YES_ERROR;
				CLANG_WARN_EMPTY_BODY = YES;
				CLANG_WARN_ENUM_CONVERSION = YES;
				CLANG_WARN_INT_CONVERSION = YES;
				CLANG_WARN_OBJC_ROOT_CLASS = YES_ERROR;
				CLANG_WARN__DUPLICATE_METHOD_MATCH = YES;
				"CODE_SIGN_IDENTITY[sdk=iphoneos*]" = "iPhone Developer";
				COPY_PHASE_STRIP = NO;
				ENABLE_TESTABILITY = YES;
				GCC_C_LANGUAGE_STANDARD = gnu99;
				GCC_DYNAMIC_NO_PIC = NO;
				GCC_OPTIMIZATION_LEVEL = 0;
				GCC_PREPROCESSOR_DEFINITIONS = (
					"DEBUG=1",
					"$(inherited)",
				);
				GCC_SYMBOLS_PRIVATE_EXTERN = NO;
				GCC_WARN_64_TO_32_BIT_CONVERSION = YES;
				GCC_WARN_ABOUT_RETURN_TYPE = YES_ERROR;
				GCC_WARN_UNDECLARED_SELECTOR = YES;
				GCC_WARN_UNINITIALIZED_AUTOS = YES_AGGRESSIVE;
				GCC_WARN_UNUSED_FUNCTION = YES;
				GCC_WARN_UNUSED_VARIABLE = YES;
				IPHONEOS_DEPLOYMENT_TARGET = 8.3;
				ONLY_ACTIVE_ARCH = YES;
				SDKROOT = iphoneos;
				TARGETED_DEVICE_FAMILY = "1,2";
			};
			name = Debug;
		};
		6003F5BE195388D20070C39A /* Release */ = {
			isa = XCBuildConfiguration;
			buildSettings = {
				ALWAYS_SEARCH_USER_PATHS = NO;
				CLANG_CXX_LANGUAGE_STANDARD = "gnu++0x";
				CLANG_CXX_LIBRARY = "libc++";
				CLANG_ENABLE_MODULES = YES;
				CLANG_ENABLE_OBJC_ARC = YES;
				CLANG_WARN_BOOL_CONVERSION = YES;
				CLANG_WARN_CONSTANT_CONVERSION = YES;
				CLANG_WARN_DIRECT_OBJC_ISA_USAGE = YES_ERROR;
				CLANG_WARN_EMPTY_BODY = YES;
				CLANG_WARN_ENUM_CONVERSION = YES;
				CLANG_WARN_INT_CONVERSION = YES;
				CLANG_WARN_OBJC_ROOT_CLASS = YES_ERROR;
				CLANG_WARN__DUPLICATE_METHOD_MATCH = YES;
				"CODE_SIGN_IDENTITY[sdk=iphoneos*]" = "iPhone Developer";
				COPY_PHASE_STRIP = YES;
				ENABLE_NS_ASSERTIONS = NO;
				GCC_C_LANGUAGE_STANDARD = gnu99;
				GCC_WARN_64_TO_32_BIT_CONVERSION = YES;
				GCC_WARN_ABOUT_RETURN_TYPE = YES_ERROR;
				GCC_WARN_UNDECLARED_SELECTOR = YES;
				GCC_WARN_UNINITIALIZED_AUTOS = YES_AGGRESSIVE;
				GCC_WARN_UNUSED_FUNCTION = YES;
				GCC_WARN_UNUSED_VARIABLE = YES;
				IPHONEOS_DEPLOYMENT_TARGET = 8.3;
				SDKROOT = iphoneos;
				TARGETED_DEVICE_FAMILY = "1,2";
				VALIDATE_PRODUCT = YES;
			};
			name = Release;
		};
		6003F5C0195388D20070C39A /* Debug */ = {
			isa = XCBuildConfiguration;
			baseConfigurationReference = 89AA6C3E8FE479CB9AE2AEF9 /* Pods-WJwebviewjavascriptbridge_Example.debug.xcconfig */;
			buildSettings = {
				ASSETCATALOG_COMPILER_APPICON_NAME = AppIcon;
				GCC_PRECOMPILE_PREFIX_HEADER = YES;
				GCC_PREFIX_HEADER = "WJwebviewjavascriptbridge/WJwebviewjavascriptbridge-Prefix.pch";
				INFOPLIST_FILE = "WJwebviewjavascriptbridge/WJwebviewjavascriptbridge-Info.plist";
				MODULE_NAME = ExampleApp;
				PRODUCT_BUNDLE_IDENTIFIER = "org.cocoapods.demo.${PRODUCT_NAME:rfc1034identifier}";
				PRODUCT_NAME = "$(TARGET_NAME)";
				WRAPPER_EXTENSION = app;
			};
			name = Debug;
		};
		6003F5C1195388D20070C39A /* Release */ = {
			isa = XCBuildConfiguration;
			baseConfigurationReference = 16AD6CB9EB9444E9341EB096 /* Pods-WJwebviewjavascriptbridge_Example.release.xcconfig */;
			buildSettings = {
				ASSETCATALOG_COMPILER_APPICON_NAME = AppIcon;
				GCC_PRECOMPILE_PREFIX_HEADER = YES;
				GCC_PREFIX_HEADER = "WJwebviewjavascriptbridge/WJwebviewjavascriptbridge-Prefix.pch";
				INFOPLIST_FILE = "WJwebviewjavascriptbridge/WJwebviewjavascriptbridge-Info.plist";
				MODULE_NAME = ExampleApp;
				PRODUCT_BUNDLE_IDENTIFIER = "org.cocoapods.demo.${PRODUCT_NAME:rfc1034identifier}";
				PRODUCT_NAME = "$(TARGET_NAME)";
				WRAPPER_EXTENSION = app;
			};
			name = Release;
		};
		6003F5C3195388D20070C39A /* Debug */ = {
			isa = XCBuildConfiguration;
			baseConfigurationReference = A45C9578C4A7A194D5D2AE6E /* Pods-WJwebviewjavascriptbridge_Tests.debug.xcconfig */;
			buildSettings = {
				BUNDLE_LOADER = "$(TEST_HOST)";
				FRAMEWORK_SEARCH_PATHS = (
					"$(SDKROOT)/Developer/Library/Frameworks",
					"$(inherited)",
					"$(DEVELOPER_FRAMEWORKS_DIR)",
				);
				GCC_PRECOMPILE_PREFIX_HEADER = YES;
				GCC_PREFIX_HEADER = "Tests/Tests-Prefix.pch";
				GCC_PREPROCESSOR_DEFINITIONS = (
					"DEBUG=1",
					"$(inherited)",
				);
				INFOPLIST_FILE = "Tests/Tests-Info.plist";
				PRODUCT_BUNDLE_IDENTIFIER = "org.cocoapods.demo.${PRODUCT_NAME:rfc1034identifier}";
				PRODUCT_NAME = "$(TARGET_NAME)";
				TEST_HOST = "$(BUILT_PRODUCTS_DIR)/WJwebviewjavascriptbridge_Example.app/WJwebviewjavascriptbridge_Example";
				WRAPPER_EXTENSION = xctest;
			};
			name = Debug;
		};
		6003F5C4195388D20070C39A /* Release */ = {
			isa = XCBuildConfiguration;
			baseConfigurationReference = DE412F7ACF2EBCD6C770C9B3 /* Pods-WJwebviewjavascriptbridge_Tests.release.xcconfig */;
			buildSettings = {
				BUNDLE_LOADER = "$(TEST_HOST)";
				FRAMEWORK_SEARCH_PATHS = (
					"$(SDKROOT)/Developer/Library/Frameworks",
					"$(inherited)",
					"$(DEVELOPER_FRAMEWORKS_DIR)",
				);
				GCC_PRECOMPILE_PREFIX_HEADER = YES;
				GCC_PREFIX_HEADER = "Tests/Tests-Prefix.pch";
				INFOPLIST_FILE = "Tests/Tests-Info.plist";
				PRODUCT_BUNDLE_IDENTIFIER = "org.cocoapods.demo.${PRODUCT_NAME:rfc1034identifier}";
				PRODUCT_NAME = "$(TARGET_NAME)";
				TEST_HOST = "$(BUILT_PRODUCTS_DIR)/WJwebviewjavascriptbridge_Example.app/WJwebviewjavascriptbridge_Example";
				WRAPPER_EXTENSION = xctest;
			};
			name = Release;
		};
/* End XCBuildConfiguration section */

/* Begin XCConfigurationList section */
		6003F585195388D10070C39A /* Build configuration list for PBXProject "WJwebviewjavascriptbridge" */ = {
			isa = XCConfigurationList;
			buildConfigurations = (
				6003F5BD195388D20070C39A /* Debug */,
				6003F5BE195388D20070C39A /* Release */,
			);
			defaultConfigurationIsVisible = 0;
			defaultConfigurationName = Release;
		};
		6003F5BF195388D20070C39A /* Build configuration list for PBXNativeTarget "WJwebviewjavascriptbridge_Example" */ = {
			isa = XCConfigurationList;
			buildConfigurations = (
				6003F5C0195388D20070C39A /* Debug */,
				6003F5C1195388D20070C39A /* Release */,
			);
			defaultConfigurationIsVisible = 0;
			defaultConfigurationName = Release;
		};
		6003F5C2195388D20070C39A /* Build configuration list for PBXNativeTarget "WJwebviewjavascriptbridge_Tests" */ = {
			isa = XCConfigurationList;
			buildConfigurations = (
				6003F5C3195388D20070C39A /* Debug */,
				6003F5C4195388D20070C39A /* Release */,
			);
			defaultConfigurationIsVisible = 0;
			defaultConfigurationName = Release;
		};
/* End XCConfigurationList section */
	};
	rootObject = 6003F582195388D10070C39A /* Project object */;
}
